# This file is automatically @generated by Poetry and should not be changed by hand.

[[package]]
name = "attrs"
version = "22.2.0"
description = "Classes Without Boilerplate"
category = "dev"
optional = false
python-versions = ">=3.6"
files = [
    {file = "attrs-22.2.0-py3-none-any.whl", hash = "sha256:29e95c7f6778868dbd49170f98f8818f78f3dc5e0e37c0b1f474e3561b240836"},
    {file = "attrs-22.2.0.tar.gz", hash = "sha256:c9227bfc2f01993c03f68db37d1d15c9690188323c067c641f1a35ca58185f99"},
]

[package.extras]
cov = ["attrs[tests]", "coverage-enable-subprocess", "coverage[toml] (>=5.3)"]
dev = ["attrs[docs,tests]"]
docs = ["furo", "myst-parser", "sphinx", "sphinx-notfound-page", "sphinxcontrib-towncrier", "towncrier", "zope.interface"]
tests = ["attrs[tests-no-zope]", "zope.interface"]
tests-no-zope = ["cloudpickle", "cloudpickle", "hypothesis", "hypothesis", "mypy (>=0.971,<0.990)", "mypy (>=0.971,<0.990)", "pympler", "pympler", "pytest (>=4.3.0)", "pytest (>=4.3.0)", "pytest-mypy-plugins", "pytest-mypy-plugins", "pytest-xdist[psutil]", "pytest-xdist[psutil]"]

[[package]]
name = "colorama"
version = "0.4.6"
description = "Cross-platform colored terminal text."
category = "dev"
optional = false
python-versions = "!=3.0.*,!=3.1.*,!=3.2.*,!=3.3.*,!=3.4.*,!=3.5.*,!=3.6.*,>=2.7"
files = [
    {file = "colorama-0.4.6-py2.py3-none-any.whl", hash = "sha256:4f1d9991f5acc0ca119f9d443620b77f9d6b33703e51011c16baf57afb285fc6"},
    {file = "colorama-0.4.6.tar.gz", hash = "sha256:08695f5cb7ed6e0531a20572697297273c47b8cae5a63ffc6d6ed5c201be6e44"},
]

[[package]]
name = "cryptg"
version = "0.4.0"
description = "Cryptographic utilities for Telegram."
category = "main"
optional = false
python-versions = ">=3.7"
files = [
    {file = "cryptg-0.4.0-cp310-cp310-macosx_10_9_x86_64.whl", hash = "sha256:59a6c881535bd3ff406855122484daf46a3f7b105a3c9e0cde294ff72e68f4e8"},
    {file = "cryptg-0.4.0-cp310-cp310-macosx_11_0_arm64.whl", hash = "sha256:7a045a8af59814a50787cce9965743fa67e6c4b948305139aa3c216ecfb45b7f"},
    {file = "cryptg-0.4.0-cp310-cp310-manylinux_2_17_aarch64.manylinux2014_aarch64.whl", hash = "sha256:cabdd52e7f3e24a800b4769d9e4b9da45aeb7065b986c16fc946e6798ed09525"},
    {file = "cryptg-0.4.0-cp310-cp310-manylinux_2_17_x86_64.manylinux2014_x86_64.whl", hash = "sha256:67d408d335f99dd850f69fb2aed99e6469e6e046d5d4b870271bc932d7f102d4"},
    {file = "cryptg-0.4.0-cp310-cp310-manylinux_2_5_i686.manylinux1_i686.manylinux_2_17_i686.manylinux2014_i686.whl", hash = "sha256:3cbf215e88f07656ac96bb59efa04d27134be85788e14d4f3898ee0b2a7f7d70"},
    {file = "cryptg-0.4.0-cp310-cp310-win32.whl", hash = "sha256:9f2f63aa12965e99824a05147b4cef26c4988630181f8e55f13050d7ac86bbc5"},
    {file = "cryptg-0.4.0-cp310-cp310-win_amd64.whl", hash = "sha256:adcf175908a93557ef2e53ffba62706ae4afb8bb3489cecc6672c7c9d99585ef"},
    {file = "cryptg-0.4.0-cp311-cp311-macosx_10_9_x86_64.whl", hash = "sha256:88df8cd6f2222570f34ee054a7a92d3c44816acc689bbbebe9a95f94f328c1a3"},
    {file = "cryptg-0.4.0-cp311-cp311-macosx_11_0_arm64.whl", hash = "sha256:ad2c2a615dbd64b35f42ceca7f1f3ccc7c3f1275d833ae7eac3e4672678a8e96"},
    {file = "cryptg-0.4.0-cp311-cp311-manylinux_2_17_aarch64.manylinux2014_aarch64.whl", hash = "sha256:3a0fbaf9de1166ace65a3c589ef9db5b42d88728ae5f6b3ebe6f42846efc72d7"},
    {file = "cryptg-0.4.0-cp311-cp311-manylinux_2_17_x86_64.manylinux2014_x86_64.whl", hash = "sha256:96f4415910dec41671a422d7fc29cef434b62e8c84908bf8e585a9dac66caa71"},
    {file = "cryptg-0.4.0-cp311-cp311-manylinux_2_5_i686.manylinux1_i686.manylinux_2_17_i686.manylinux2014_i686.whl", hash = "sha256:16d33f8213f480e895eab0bad6faaedd8d54da51b066373ccd5840a7a951dd37"},
    {file = "cryptg-0.4.0-cp311-cp311-win32.whl", hash = "sha256:72875d7129cdb7f9a4be68854c77cb569857d736f0cbc7753cadc577f13360bd"},
    {file = "cryptg-0.4.0-cp311-cp311-win_amd64.whl", hash = "sha256:47a249a242497ba0fffe87067e0d5ef99b21c4081fe490a08c596b6184dda2dd"},
    {file = "cryptg-0.4.0-cp37-cp37m-macosx_10_9_x86_64.whl", hash = "sha256:70c93ffc05f3b9e47aa30d6606e527da07532c0b6f78b6d23482fecd44881f57"},
    {file = "cryptg-0.4.0-cp37-cp37m-manylinux_2_17_aarch64.manylinux2014_aarch64.whl", hash = "sha256:64f42587a71a9142f1abfe412ce677035abd9604e0333e5d1d188443349e327d"},
    {file = "cryptg-0.4.0-cp37-cp37m-manylinux_2_17_x86_64.manylinux2014_x86_64.whl", hash = "sha256:719810a1cf0b8f8ba159943e95010ac66f9777cc3b72b49098817e260aa0753b"},
    {file = "cryptg-0.4.0-cp37-cp37m-manylinux_2_5_i686.manylinux1_i686.manylinux_2_17_i686.manylinux2014_i686.whl", hash = "sha256:80acd4051fd122d3d921e0119d6225a7a40c648e690c451037cbe0ced654bb49"},
    {file = "cryptg-0.4.0-cp37-cp37m-win32.whl", hash = "sha256:67d1dcf3f215acb22f5a73f9ffca9c0821e06e37f75652dcae7ca2327639ab1b"},
    {file = "cryptg-0.4.0-cp37-cp37m-win_amd64.whl", hash = "sha256:152801d5738af4c99751ae22ec086862f949dc763a0874c9d35cf19ad07321cd"},
    {file = "cryptg-0.4.0-cp38-cp38-macosx_10_9_x86_64.whl", hash = "sha256:fac561c738a567a3fcce2a1ed5365ebd3268670454e051898e802972f50b700a"},
    {file = "cryptg-0.4.0-cp38-cp38-macosx_11_0_arm64.whl", hash = "sha256:de2879166cc9fa86f166f6c17bad40af4ab7ded69aeed1e644d92f0a16112a2d"},
    {file = "cryptg-0.4.0-cp38-cp38-manylinux_2_17_aarch64.manylinux2014_aarch64.whl", hash = "sha256:cde6bf5d351498ef1dc6bbcf5b0285ccb2282ca7d85bffc9d3c39af08494dfe1"},
    {file = "cryptg-0.4.0-cp38-cp38-manylinux_2_17_x86_64.manylinux2014_x86_64.whl", hash = "sha256:c5f9f4a565699719b39fdff349fe76c748f9f2d1af5a8c11beea93bcadd802e7"},
    {file = "cryptg-0.4.0-cp38-cp38-manylinux_2_5_i686.manylinux1_i686.manylinux_2_17_i686.manylinux2014_i686.whl", hash = "sha256:7bf7511eb36f1a25acec916f0a3c8039422fb8b915a13122c82986382b2c9431"},
    {file = "cryptg-0.4.0-cp38-cp38-win32.whl", hash = "sha256:3a8cbf459d49fe461e09375c5383bf74b6f4d2c7df9328d068beaff2289a3232"},
    {file = "cryptg-0.4.0-cp38-cp38-win_amd64.whl", hash = "sha256:f0c8e18d8aac544f3c525fbeb011fdbb05fc6cf6a33fe953132de5b2d8a1199d"},
    {file = "cryptg-0.4.0-cp39-cp39-macosx_10_9_x86_64.whl", hash = "sha256:c781f20b30a0831c9d1e7cc55526f854c57ece147a2ccc9d290c7e230cd6c7a1"},
    {file = "cryptg-0.4.0-cp39-cp39-macosx_11_0_arm64.whl", hash = "sha256:4c1ca745b5e90513a7a58d1dc982d6fd96e3a3e23065c0147c2ed192aa2e1e88"},
    {file = "cryptg-0.4.0-cp39-cp39-manylinux_2_17_aarch64.manylinux2014_aarch64.whl", hash = "sha256:8eaeeb065b7a2ef8d5e8006e64821dae73890e9fba95749804babfefcc7e29b7"},
    {file = "cryptg-0.4.0-cp39-cp39-manylinux_2_17_x86_64.manylinux2014_x86_64.whl", hash = "sha256:05df4812d592410c3e738207368cc6ee3d757401f979eb76281343e1f28f4b8a"},
    {file = "cryptg-0.4.0-cp39-cp39-manylinux_2_5_i686.manylinux1_i686.manylinux_2_17_i686.manylinux2014_i686.whl", hash = "sha256:932e131a73bc1bd01457c8eaecb04b91f714051d0ba549f5301e4545d294628a"},
    {file = "cryptg-0.4.0-cp39-cp39-win32.whl", hash = "sha256:717c65ca5c753d89b111938329379df59ffd43b80678c07e4338ff46be554a72"},
    {file = "cryptg-0.4.0-cp39-cp39-win_amd64.whl", hash = "sha256:64f205d02fbadfe5415e3050388727c9de65eaea20948d8fd444b73a391f54fa"},
    {file = "cryptg-0.4.0-pp37-pypy37_pp73-macosx_10_9_x86_64.whl", hash = "sha256:39e89cca35430569d79db118da9112efc7d4834b5bb5db1d1674afaca6d78e8f"},
    {file = "cryptg-0.4.0-pp37-pypy37_pp73-manylinux_2_17_aarch64.manylinux2014_aarch64.whl", hash = "sha256:edb0e7dd994d6547e24fdec41facd373fbe31f9551edc3258da17a82838a6442"},
    {file = "cryptg-0.4.0-pp37-pypy37_pp73-manylinux_2_17_x86_64.manylinux2014_x86_64.whl", hash = "sha256:8c7a5052c81e27cb13e4d4354caf3619d27bea8cf2da2dcad2a1e225119054a7"},
    {file = "cryptg-0.4.0-pp37-pypy37_pp73-manylinux_2_5_i686.manylinux1_i686.manylinux_2_17_i686.manylinux2014_i686.whl", hash = "sha256:a05e20b992b46413204df78349c70a41753ee98d487e8e681f060f87bf813c51"},
    {file = "cryptg-0.4.0-pp37-pypy37_pp73-win_amd64.whl", hash = "sha256:52e05ccaafed67d827690303e745facd7a16576d7e06bf3a83d2d94349c16b97"},
    {file = "cryptg-0.4.0-pp38-pypy38_pp73-macosx_10_9_x86_64.whl", hash = "sha256:7c4c34377bbf69b1124953c38a14fc18e28e7871006ae7d0686a2d84b600ef83"},
    {file = "cryptg-0.4.0-pp38-pypy38_pp73-manylinux_2_17_aarch64.manylinux2014_aarch64.whl", hash = "sha256:8514d9300bc846825391bfebf7148d163456a882ecf32d2cd7347c5234745927"},
    {file = "cryptg-0.4.0-pp38-pypy38_pp73-manylinux_2_17_x86_64.manylinux2014_x86_64.whl", hash = "sha256:94573f1eeec18871c54b866eed942f85011f093eac7dd0ed387e18f3e2ae4568"},
    {file = "cryptg-0.4.0-pp38-pypy38_pp73-manylinux_2_5_i686.manylinux1_i686.manylinux_2_17_i686.manylinux2014_i686.whl", hash = "sha256:c60cf65e9cb0fcdf67353b003b8459e06a987933f957d47f578492527be522e5"},
    {file = "cryptg-0.4.0-pp38-pypy38_pp73-win_amd64.whl", hash = "sha256:4d5f4021285ec0784019a1d52e435af2f1ecfd3f05a44681410efc84f1e413b4"},
    {file = "cryptg-0.4.0-pp39-pypy39_pp73-macosx_10_9_x86_64.whl", hash = "sha256:2a40dc8167d7a00d8ebc08784e022dcfa8919d0540c0956cf6a3b067a0233314"},
    {file = "cryptg-0.4.0-pp39-pypy39_pp73-manylinux_2_17_aarch64.manylinux2014_aarch64.whl", hash = "sha256:3940c533af77128ea56fa7420ee652f1d061d0de09dd8a38ac493228bf170b64"},
    {file = "cryptg-0.4.0-pp39-pypy39_pp73-manylinux_2_17_x86_64.manylinux2014_x86_64.whl", hash = "sha256:fa16e8691d83d5c665e4bdf82a2a66257fecc5d32b60d888c95a7f5caa154d0d"},
    {file = "cryptg-0.4.0-pp39-pypy39_pp73-manylinux_2_5_i686.manylinux1_i686.manylinux_2_17_i686.manylinux2014_i686.whl", hash = "sha256:0f3200c8c783c11198373a1e614654df88617b4ca260700e155d7be8c3144e7b"},
    {file = "cryptg-0.4.0-pp39-pypy39_pp73-win_amd64.whl", hash = "sha256:19b61547eead81a3a8aca68e30673d439fc577dedd068d86d970da923035471d"},
    {file = "cryptg-0.4.0.tar.gz", hash = "sha256:38f918c685c305569d7cee3795a932e28f61e633eeac452032a76f242ae7eb69"},
]

[[package]]
name = "iniconfig"
version = "2.0.0"
description = "brain-dead simple config-ini parsing"
category = "dev"
optional = false
python-versions = ">=3.7"
files = [
    {file = "iniconfig-2.0.0-py3-none-any.whl", hash = "sha256:b6a85871a79d2e3b22d2d1b94ac2824226a63c6b741c88f7ae975f18b6778374"},
    {file = "iniconfig-2.0.0.tar.gz", hash = "sha256:2d91e135bf72d31a410b17c16da610a82cb55f6b0477d1a902134b24a455b8b3"},
]

[[package]]
name = "packaging"
version = "23.0"
description = "Core utilities for Python packages"
category = "dev"
optional = false
python-versions = ">=3.7"
files = [
    {file = "packaging-23.0-py3-none-any.whl", hash = "sha256:714ac14496c3e68c99c29b00845f7a2b85f3bb6f1078fd9f72fd20f0570002b2"},
    {file = "packaging-23.0.tar.gz", hash = "sha256:b6ad297f8907de0fa2fe1ccbd26fdaf387f5f47c7275fedf8cce89f99446cf97"},
]

[[package]]
name = "pluggy"
version = "1.0.0"
description = "plugin and hook calling mechanisms for python"
category = "dev"
optional = false
python-versions = ">=3.6"
files = [
    {file = "pluggy-1.0.0-py2.py3-none-any.whl", hash = "sha256:74134bbf457f031a36d68416e1509f34bd5ccc019f0bcc952c7b909d06b37bd3"},
    {file = "pluggy-1.0.0.tar.gz", hash = "sha256:4224373bacce55f955a878bf9cfa763c1e360858e330072059e10bad68531159"},
]

[package.extras]
dev = ["pre-commit", "tox"]
testing = ["pytest", "pytest-benchmark"]

[[package]]
name = "pyaes"
version = "1.6.1"
description = "Pure-Python Implementation of the AES block-cipher and common modes of operation"
category = "main"
optional = false
python-versions = "*"
files = [
    {file = "pyaes-1.6.1.tar.gz", hash = "sha256:02c1b1405c38d3c370b085fb952dd8bea3fadcee6411ad99f312cc129c536d8f"},
]

[[package]]
name = "pyasn1"
version = "0.4.8"
description = "ASN.1 types and codecs"
category = "main"
optional = false
python-versions = "*"
files = [
    {file = "pyasn1-0.4.8-py2.py3-none-any.whl", hash = "sha256:39c7e2ec30515947ff4e87fb6f456dfc6e84857d34be479c9d4a4ba4bf46aa5d"},
    {file = "pyasn1-0.4.8.tar.gz", hash = "sha256:aef77c9fb94a3ac588e87841208bdec464471d9871bd5050a287cc9a475cd0ba"},
]

[[package]]
name = "pydantic"
version = "1.10.4"
description = "Data validation and settings management using python type hints"
category = "main"
optional = false
python-versions = ">=3.7"
files = [
    {file = "pydantic-1.10.4-cp310-cp310-macosx_10_9_x86_64.whl", hash = "sha256:b5635de53e6686fe7a44b5cf25fcc419a0d5e5c1a1efe73d49d48fe7586db854"},
    {file = "pydantic-1.10.4-cp310-cp310-macosx_11_0_arm64.whl", hash = "sha256:6dc1cc241440ed7ca9ab59d9929075445da6b7c94ced281b3dd4cfe6c8cff817"},
    {file = "pydantic-1.10.4-cp310-cp310-manylinux_2_17_x86_64.manylinux2014_x86_64.whl", hash = "sha256:51bdeb10d2db0f288e71d49c9cefa609bca271720ecd0c58009bd7504a0c464c"},
    {file = "pydantic-1.10.4-cp310-cp310-manylinux_2_5_i686.manylinux1_i686.manylinux_2_17_i686.manylinux2014_i686.whl", hash = "sha256:78cec42b95dbb500a1f7120bdf95c401f6abb616bbe8785ef09887306792e66e"},
    {file = "pydantic-1.10.4-cp310-cp310-musllinux_1_1_i686.whl", hash = "sha256:8775d4ef5e7299a2f4699501077a0defdaac5b6c4321173bcb0f3c496fbadf85"},
    {file = "pydantic-1.10.4-cp310-cp310-musllinux_1_1_x86_64.whl", hash = "sha256:572066051eeac73d23f95ba9a71349c42a3e05999d0ee1572b7860235b850cc6"},
    {file = "pydantic-1.10.4-cp310-cp310-win_amd64.whl", hash = "sha256:7feb6a2d401f4d6863050f58325b8d99c1e56f4512d98b11ac64ad1751dc647d"},
    {file = "pydantic-1.10.4-cp311-cp311-macosx_10_9_x86_64.whl", hash = "sha256:39f4a73e5342b25c2959529f07f026ef58147249f9b7431e1ba8414a36761f53"},
    {file = "pydantic-1.10.4-cp311-cp311-macosx_11_0_arm64.whl", hash = "sha256:983e720704431a6573d626b00662eb78a07148c9115129f9b4351091ec95ecc3"},
    {file = "pydantic-1.10.4-cp311-cp311-manylinux_2_17_x86_64.manylinux2014_x86_64.whl", hash = "sha256:75d52162fe6b2b55964fbb0af2ee58e99791a3138588c482572bb6087953113a"},
    {file = "pydantic-1.10.4-cp311-cp311-manylinux_2_5_i686.manylinux1_i686.manylinux_2_17_i686.manylinux2014_i686.whl", hash = "sha256:fdf8d759ef326962b4678d89e275ffc55b7ce59d917d9f72233762061fd04a2d"},
    {file = "pydantic-1.10.4-cp311-cp311-musllinux_1_1_i686.whl", hash = "sha256:05a81b006be15655b2a1bae5faa4280cf7c81d0e09fcb49b342ebf826abe5a72"},
    {file = "pydantic-1.10.4-cp311-cp311-musllinux_1_1_x86_64.whl", hash = "sha256:d88c4c0e5c5dfd05092a4b271282ef0588e5f4aaf345778056fc5259ba098857"},
    {file = "pydantic-1.10.4-cp311-cp311-win_amd64.whl", hash = "sha256:6a05a9db1ef5be0fe63e988f9617ca2551013f55000289c671f71ec16f4985e3"},
    {file = "pydantic-1.10.4-cp37-cp37m-macosx_10_9_x86_64.whl", hash = "sha256:887ca463c3bc47103c123bc06919c86720e80e1214aab79e9b779cda0ff92a00"},
    {file = "pydantic-1.10.4-cp37-cp37m-manylinux_2_17_x86_64.manylinux2014_x86_64.whl", hash = "sha256:fdf88ab63c3ee282c76d652fc86518aacb737ff35796023fae56a65ced1a5978"},
    {file = "pydantic-1.10.4-cp37-cp37m-manylinux_2_5_i686.manylinux1_i686.manylinux_2_17_i686.manylinux2014_i686.whl", hash = "sha256:a48f1953c4a1d9bd0b5167ac50da9a79f6072c63c4cef4cf2a3736994903583e"},
    {file = "pydantic-1.10.4-cp37-cp37m-musllinux_1_1_i686.whl", hash = "sha256:a9f2de23bec87ff306aef658384b02aa7c32389766af3c5dee9ce33e80222dfa"},
    {file = "pydantic-1.10.4-cp37-cp37m-musllinux_1_1_x86_64.whl", hash = "sha256:cd8702c5142afda03dc2b1ee6bc358b62b3735b2cce53fc77b31ca9f728e4bc8"},
    {file = "pydantic-1.10.4-cp37-cp37m-win_amd64.whl", hash = "sha256:6e7124d6855b2780611d9f5e1e145e86667eaa3bd9459192c8dc1a097f5e9903"},
    {file = "pydantic-1.10.4-cp38-cp38-macosx_10_9_x86_64.whl", hash = "sha256:0b53e1d41e97063d51a02821b80538053ee4608b9a181c1005441f1673c55423"},
    {file = "pydantic-1.10.4-cp38-cp38-macosx_11_0_arm64.whl", hash = "sha256:55b1625899acd33229c4352ce0ae54038529b412bd51c4915349b49ca575258f"},
    {file = "pydantic-1.10.4-cp38-cp38-manylinux_2_17_x86_64.manylinux2014_x86_64.whl", hash = "sha256:301d626a59edbe5dfb48fcae245896379a450d04baeed50ef40d8199f2733b06"},
    {file = "pydantic-1.10.4-cp38-cp38-manylinux_2_5_i686.manylinux1_i686.manylinux_2_17_i686.manylinux2014_i686.whl", hash = "sha256:b6f9d649892a6f54a39ed56b8dfd5e08b5f3be5f893da430bed76975f3735d15"},
    {file = "pydantic-1.10.4-cp38-cp38-musllinux_1_1_i686.whl", hash = "sha256:d7b5a3821225f5c43496c324b0d6875fde910a1c2933d726a743ce328fbb2a8c"},
    {file = "pydantic-1.10.4-cp38-cp38-musllinux_1_1_x86_64.whl", hash = "sha256:f2f7eb6273dd12472d7f218e1fef6f7c7c2f00ac2e1ecde4db8824c457300416"},
    {file = "pydantic-1.10.4-cp38-cp38-win_amd64.whl", hash = "sha256:4b05697738e7d2040696b0a66d9f0a10bec0efa1883ca75ee9e55baf511909d6"},
    {file = "pydantic-1.10.4-cp39-cp39-macosx_10_9_x86_64.whl", hash = "sha256:a9a6747cac06c2beb466064dda999a13176b23535e4c496c9d48e6406f92d42d"},
    {file = "pydantic-1.10.4-cp39-cp39-macosx_11_0_arm64.whl", hash = "sha256:eb992a1ef739cc7b543576337bebfc62c0e6567434e522e97291b251a41dad7f"},
    {file = "pydantic-1.10.4-cp39-cp39-manylinux_2_17_x86_64.manylinux2014_x86_64.whl", hash = "sha256:990406d226dea0e8f25f643b370224771878142155b879784ce89f633541a024"},
    {file = "pydantic-1.10.4-cp39-cp39-manylinux_2_5_i686.manylinux1_i686.manylinux_2_17_i686.manylinux2014_i686.whl", hash = "sha256:2e82a6d37a95e0b1b42b82ab340ada3963aea1317fd7f888bb6b9dfbf4fff57c"},
    {file = "pydantic-1.10.4-cp39-cp39-musllinux_1_1_i686.whl", hash = "sha256:9193d4f4ee8feca58bc56c8306bcb820f5c7905fd919e0750acdeeeef0615b28"},
    {file = "pydantic-1.10.4-cp39-cp39-musllinux_1_1_x86_64.whl", hash = "sha256:2b3ce5f16deb45c472dde1a0ee05619298c864a20cded09c4edd820e1454129f"},
    {file = "pydantic-1.10.4-cp39-cp39-win_amd64.whl", hash = "sha256:9cbdc268a62d9a98c56e2452d6c41c0263d64a2009aac69246486f01b4f594c4"},
    {file = "pydantic-1.10.4-py3-none-any.whl", hash = "sha256:4948f264678c703f3877d1c8877c4e3b2e12e549c57795107f08cf70c6ec7774"},
    {file = "pydantic-1.10.4.tar.gz", hash = "sha256:b9a3859f24eb4e097502a3be1fb4b2abb79b6103dd9e2e0edb70613a4459a648"},
]

[package.dependencies]
python-dotenv = {version = ">=0.10.4", optional = true, markers = "extra == \"dotenv\""}
typing-extensions = ">=4.2.0"

[package.extras]
dotenv = ["python-dotenv (>=0.10.4)"]
email = ["email-validator (>=1.0.3)"]

[[package]]
name = "pytest"
version = "7.2.0"
description = "pytest: simple powerful testing with Python"
category = "dev"
optional = false
python-versions = ">=3.7"
files = [
    {file = "pytest-7.2.0-py3-none-any.whl", hash = "sha256:892f933d339f068883b6fd5a459f03d85bfcb355e4981e146d2c7616c21fef71"},
    {file = "pytest-7.2.0.tar.gz", hash = "sha256:c4014eb40e10f11f355ad4e3c2fb2c6c6d1919c73f3b5a433de4708202cade59"},
]

[package.dependencies]
attrs = ">=19.2.0"
colorama = {version = "*", markers = "sys_platform == \"win32\""}
iniconfig = "*"
packaging = "*"
pluggy = ">=0.12,<2.0"

[package.extras]
testing = ["argcomplete", "hypothesis (>=3.56)", "mock", "nose", "pygments (>=2.7.2)", "requests", "xmlschema"]

[[package]]
name = "pytest-asyncio"
version = "0.20.3"
description = "Pytest support for asyncio"
category = "dev"
optional = false
python-versions = ">=3.7"
files = [
    {file = "pytest-asyncio-0.20.3.tar.gz", hash = "sha256:83cbf01169ce3e8eb71c6c278ccb0574d1a7a3bb8eaaf5e50e0ad342afb33b36"},
    {file = "pytest_asyncio-0.20.3-py3-none-any.whl", hash = "sha256:f129998b209d04fcc65c96fc85c11e5316738358909a8399e93be553d7656442"},
]

[package.dependencies]
pytest = ">=6.1.0"

[package.extras]
docs = ["sphinx (>=5.3)", "sphinx-rtd-theme (>=1.0)"]
testing = ["coverage (>=6.2)", "flaky (>=3.5.0)", "hypothesis (>=5.7.1)", "mypy (>=0.931)", "pytest-trio (>=0.7.0)"]

[[package]]
name = "pytest-mock"
version = "3.10.0"
description = "Thin-wrapper around the mock package for easier use with pytest"
category = "dev"
optional = false
python-versions = ">=3.7"
files = [
    {file = "pytest-mock-3.10.0.tar.gz", hash = "sha256:fbbdb085ef7c252a326fd8cdcac0aa3b1333d8811f131bdcc701002e1be7ed4f"},
    {file = "pytest_mock-3.10.0-py3-none-any.whl", hash = "sha256:f4c973eeae0282963eb293eb173ce91b091a79c1334455acfac9ddee8a1c784b"},
]

[package.dependencies]
pytest = ">=5.0"

[package.extras]
dev = ["pre-commit", "pytest-asyncio", "tox"]

[[package]]
name = "python-dotenv"
version = "0.21.0"
description = "Read key-value pairs from a .env file and set them as environment variables"
category = "main"
optional = false
python-versions = ">=3.7"
files = [
    {file = "python-dotenv-0.21.0.tar.gz", hash = "sha256:b77d08274639e3d34145dfa6c7008e66df0f04b7be7a75fd0d5292c191d79045"},
    {file = "python_dotenv-0.21.0-py3-none-any.whl", hash = "sha256:1684eb44636dd462b66c3ee016599815514527ad99965de77f43e0944634a7e5"},
]

[package.extras]
cli = ["click (>=5.0)"]

[[package]]
name = "rsa"
version = "4.9"
description = "Pure-Python RSA implementation"
category = "main"
optional = false
python-versions = ">=3.6,<4"
files = [
    {file = "rsa-4.9-py3-none-any.whl", hash = "sha256:90260d9058e514786967344d0ef75fa8727eed8a7d2e43ce9f4bcf1b536174f7"},
    {file = "rsa-4.9.tar.gz", hash = "sha256:e38464a49c6c85d7f1351b0126661487a7e0a14a50f1675ec50eb34d4f20ef21"},
]

[package.dependencies]
pyasn1 = ">=0.1.3"

[[package]]
name = "telethon"
version = "1.26.1"
description = "Full-featured Telegram client library for Python 3"
category = "main"
optional = false
python-versions = ">=3.5"
files = [
    {file = "Telethon-1.26.1-py3-none-any.whl", hash = "sha256:3ec7ea04e61e0179dd08b974b609814e1a5298eeda3d68368a34bba754f43aec"},
    {file = "Telethon-1.26.1.tar.gz", hash = "sha256:d894f6ef2bf2cb119f6413b9f620957503785bab0999694b4bf67dea36f8ee09"},
]

[package.dependencies]
pyaes = "*"
rsa = "*"

[package.extras]
cryptg = ["cryptg"]

[[package]]
name = "typing-extensions"
version = "4.4.0"
description = "Backported and Experimental Type Hints for Python 3.7+"
category = "main"
optional = false
python-versions = ">=3.7"
files = [
    {file = "typing_extensions-4.4.0-py3-none-any.whl", hash = "sha256:16fa4864408f655d35ec496218b85f79b3437c829e93320c7c9215ccfd92489e"},
    {file = "typing_extensions-4.4.0.tar.gz", hash = "sha256:1511434bb92bf8dd198c12b1cc812e800d4181cfcb867674e0f8279cc93087aa"},
]

[metadata]
lock-version = "2.0"
python-versions = "^3.11"
content-hash = "06aea11a6ccd21eb013d9cbc632527471bf61ba9a8bb34d6a358b71aac737907"
