# This file is automatically @generated by Poetry and should not be changed by hand.

[[package]]
name = "cryptg"
version = "0.4.0"
description = "Cryptographic utilities for Telegram."
category = "main"
optional = false
python-versions = ">=3.7"
files = [
    {file = "cryptg-0.4.0-cp310-cp310-macosx_10_9_x86_64.whl", hash = "sha256:59a6c881535bd3ff406855122484daf46a3f7b105a3c9e0cde294ff72e68f4e8"},
    {file = "cryptg-0.4.0-cp310-cp310-macosx_11_0_arm64.whl", hash = "sha256:7a045a8af59814a50787cce9965743fa67e6c4b948305139aa3c216ecfb45b7f"},
    {file = "cryptg-0.4.0-cp310-cp310-manylinux_2_17_aarch64.manylinux2014_aarch64.whl", hash = "sha256:cabdd52e7f3e24a800b4769d9e4b9da45aeb7065b986c16fc946e6798ed09525"},
    {file = "cryptg-0.4.0-cp310-cp310-manylinux_2_17_x86_64.manylinux2014_x86_64.whl", hash = "sha256:67d408d335f99dd850f69fb2aed99e6469e6e046d5d4b870271bc932d7f102d4"},
    {file = "cryptg-0.4.0-cp310-cp310-manylinux_2_5_i686.manylinux1_i686.manylinux_2_17_i686.manylinux2014_i686.whl", hash = "sha256:3cbf215e88f07656ac96bb59efa04d27134be85788e14d4f3898ee0b2a7f7d70"},
    {file = "cryptg-0.4.0-cp310-cp310-win32.whl", hash = "sha256:9f2f63aa12965e99824a05147b4cef26c4988630181f8e55f13050d7ac86bbc5"},
    {file = "cryptg-0.4.0-cp310-cp310-win_amd64.whl", hash = "sha256:adcf175908a93557ef2e53ffba62706ae4afb8bb3489cecc6672c7c9d99585ef"},
    {file = "cryptg-0.4.0-cp311-cp311-macosx_10_9_x86_64.whl", hash = "sha256:88df8cd6f2222570f34ee054a7a92d3c44816acc689bbbebe9a95f94f328c1a3"},
    {file = "cryptg-0.4.0-cp311-cp311-macosx_11_0_arm64.whl", hash = "sha256:ad2c2a615dbd64b35f42ceca7f1f3ccc7c3f1275d833ae7eac3e4672678a8e96"},
    {file = "cryptg-0.4.0-cp311-cp311-manylinux_2_17_aarch64.manylinux2014_aarch64.whl", hash = "sha256:3a0fbaf9de1166ace65a3c589ef9db5b42d88728ae5f6b3ebe6f42846efc72d7"},
    {file = "cryptg-0.4.0-cp311-cp311-manylinux_2_17_x86_64.manylinux2014_x86_64.whl", hash = "sha256:96f4415910dec41671a422d7fc29cef434b62e8c84908bf8e585a9dac66caa71"},
    {file = "cryptg-0.4.0-cp311-cp311-manylinux_2_5_i686.manylinux1_i686.manylinux_2_17_i686.manylinux2014_i686.whl", hash = "sha256:16d33f8213f480e895eab0bad6faaedd8d54da51b066373ccd5840a7a951dd37"},
    {file = "cryptg-0.4.0-cp311-cp311-win32.whl", hash = "sha256:72875d7129cdb7f9a4be68854c77cb569857d736f0cbc7753cadc577f13360bd"},
    {file = "cryptg-0.4.0-cp311-cp311-win_amd64.whl", hash = "sha256:47a249a242497ba0fffe87067e0d5ef99b21c4081fe490a08c596b6184dda2dd"},
    {file = "cryptg-0.4.0-cp37-cp37m-macosx_10_9_x86_64.whl", hash = "sha256:70c93ffc05f3b9e47aa30d6606e527da07532c0b6f78b6d23482fecd44881f57"},
    {file = "cryptg-0.4.0-cp37-cp37m-manylinux_2_17_aarch64.manylinux2014_aarch64.whl", hash = "sha256:64f42587a71a9142f1abfe412ce677035abd9604e0333e5d1d188443349e327d"},
    {file = "cryptg-0.4.0-cp37-cp37m-manylinux_2_17_x86_64.manylinux2014_x86_64.whl", hash = "sha256:719810a1cf0b8f8ba159943e95010ac66f9777cc3b72b49098817e260aa0753b"},
    {file = "cryptg-0.4.0-cp37-cp37m-manylinux_2_5_i686.manylinux1_i686.manylinux_2_17_i686.manylinux2014_i686.whl", hash = "sha256:80acd4051fd122d3d921e0119d6225a7a40c648e690c451037cbe0ced654bb49"},
    {file = "cryptg-0.4.0-cp37-cp37m-win32.whl", hash = "sha256:67d1dcf3f215acb22f5a73f9ffca9c0821e06e37f75652dcae7ca2327639ab1b"},
    {file = "cryptg-0.4.0-cp37-cp37m-win_amd64.whl", hash = "sha256:152801d5738af4c99751ae22ec086862f949dc763a0874c9d35cf19ad07321cd"},
    {file = "cryptg-0.4.0-cp38-cp38-macosx_10_9_x86_64.whl", hash = "sha256:fac561c738a567a3fcce2a1ed5365ebd3268670454e051898e802972f50b700a"},
    {file = "cryptg-0.4.0-cp38-cp38-macosx_11_0_arm64.whl", hash = "sha256:de2879166cc9fa86f166f6c17bad40af4ab7ded69aeed1e644d92f0a16112a2d"},
    {file = "cryptg-0.4.0-cp38-cp38-manylinux_2_17_aarch64.manylinux2014_aarch64.whl", hash = "sha256:cde6bf5d351498ef1dc6bbcf5b0285ccb2282ca7d85bffc9d3c39af08494dfe1"},
    {file = "cryptg-0.4.0-cp38-cp38-manylinux_2_17_x86_64.manylinux2014_x86_64.whl", hash = "sha256:c5f9f4a565699719b39fdff349fe76c748f9f2d1af5a8c11beea93bcadd802e7"},
    {file = "cryptg-0.4.0-cp38-cp38-manylinux_2_5_i686.manylinux1_i686.manylinux_2_17_i686.manylinux2014_i686.whl", hash = "sha256:7bf7511eb36f1a25acec916f0a3c8039422fb8b915a13122c82986382b2c9431"},
    {file = "cryptg-0.4.0-cp38-cp38-win32.whl", hash = "sha256:3a8cbf459d49fe461e09375c5383bf74b6f4d2c7df9328d068beaff2289a3232"},
    {file = "cryptg-0.4.0-cp38-cp38-win_amd64.whl", hash = "sha256:f0c8e18d8aac544f3c525fbeb011fdbb05fc6cf6a33fe953132de5b2d8a1199d"},
    {file = "cryptg-0.4.0-cp39-cp39-macosx_10_9_x86_64.whl", hash = "sha256:c781f20b30a0831c9d1e7cc55526f854c57ece147a2ccc9d290c7e230cd6c7a1"},
    {file = "cryptg-0.4.0-cp39-cp39-macosx_11_0_arm64.whl", hash = "sha256:4c1ca745b5e90513a7a58d1dc982d6fd96e3a3e23065c0147c2ed192aa2e1e88"},
    {file = "cryptg-0.4.0-cp39-cp39-manylinux_2_17_aarch64.manylinux2014_aarch64.whl", hash = "sha256:8eaeeb065b7a2ef8d5e8006e64821dae73890e9fba95749804babfefcc7e29b7"},
    {file = "cryptg-0.4.0-cp39-cp39-manylinux_2_17_x86_64.manylinux2014_x86_64.whl", hash = "sha256:05df4812d592410c3e738207368cc6ee3d757401f979eb76281343e1f28f4b8a"},
    {file = "cryptg-0.4.0-cp39-cp39-manylinux_2_5_i686.manylinux1_i686.manylinux_2_17_i686.manylinux2014_i686.whl", hash = "sha256:932e131a73bc1bd01457c8eaecb04b91f714051d0ba549f5301e4545d294628a"},
    {file = "cryptg-0.4.0-cp39-cp39-win32.whl", hash = "sha256:717c65ca5c753d89b111938329379df59ffd43b80678c07e4338ff46be554a72"},
    {file = "cryptg-0.4.0-cp39-cp39-win_amd64.whl", hash = "sha256:64f205d02fbadfe5415e3050388727c9de65eaea20948d8fd444b73a391f54fa"},
    {file = "cryptg-0.4.0-pp37-pypy37_pp73-macosx_10_9_x86_64.whl", hash = "sha256:39e89cca35430569d79db118da9112efc7d4834b5bb5db1d1674afaca6d78e8f"},
    {file = "cryptg-0.4.0-pp37-pypy37_pp73-manylinux_2_17_aarch64.manylinux2014_aarch64.whl", hash = "sha256:edb0e7dd994d6547e24fdec41facd373fbe31f9551edc3258da17a82838a6442"},
    {file = "cryptg-0.4.0-pp37-pypy37_pp73-manylinux_2_17_x86_64.manylinux2014_x86_64.whl", hash = "sha256:8c7a5052c81e27cb13e4d4354caf3619d27bea8cf2da2dcad2a1e225119054a7"},
    {file = "cryptg-0.4.0-pp37-pypy37_pp73-manylinux_2_5_i686.manylinux1_i686.manylinux_2_17_i686.manylinux2014_i686.whl", hash = "sha256:a05e20b992b46413204df78349c70a41753ee98d487e8e681f060f87bf813c51"},
    {file = "cryptg-0.4.0-pp37-pypy37_pp73-win_amd64.whl", hash = "sha256:52e05ccaafed67d827690303e745facd7a16576d7e06bf3a83d2d94349c16b97"},
    {file = "cryptg-0.4.0-pp38-pypy38_pp73-macosx_10_9_x86_64.whl", hash = "sha256:7c4c34377bbf69b1124953c38a14fc18e28e7871006ae7d0686a2d84b600ef83"},
    {file = "cryptg-0.4.0-pp38-pypy38_pp73-manylinux_2_17_aarch64.manylinux2014_aarch64.whl", hash = "sha256:8514d9300bc846825391bfebf7148d163456a882ecf32d2cd7347c5234745927"},
    {file = "cryptg-0.4.0-pp38-pypy38_pp73-manylinux_2_17_x86_64.manylinux2014_x86_64.whl", hash = "sha256:94573f1eeec18871c54b866eed942f85011f093eac7dd0ed387e18f3e2ae4568"},
    {file = "cryptg-0.4.0-pp38-pypy38_pp73-manylinux_2_5_i686.manylinux1_i686.manylinux_2_17_i686.manylinux2014_i686.whl", hash = "sha256:c60cf65e9cb0fcdf67353b003b8459e06a987933f957d47f578492527be522e5"},
    {file = "cryptg-0.4.0-pp38-pypy38_pp73-win_amd64.whl", hash = "sha256:4d5f4021285ec0784019a1d52e435af2f1ecfd3f05a44681410efc84f1e413b4"},
    {file = "cryptg-0.4.0-pp39-pypy39_pp73-macosx_10_9_x86_64.whl", hash = "sha256:2a40dc8167d7a00d8ebc08784e022dcfa8919d0540c0956cf6a3b067a0233314"},
    {file = "cryptg-0.4.0-pp39-pypy39_pp73-manylinux_2_17_aarch64.manylinux2014_aarch64.whl", hash = "sha256:3940c533af77128ea56fa7420ee652f1d061d0de09dd8a38ac493228bf170b64"},
    {file = "cryptg-0.4.0-pp39-pypy39_pp73-manylinux_2_17_x86_64.manylinux2014_x86_64.whl", hash = "sha256:fa16e8691d83d5c665e4bdf82a2a66257fecc5d32b60d888c95a7f5caa154d0d"},
    {file = "cryptg-0.4.0-pp39-pypy39_pp73-manylinux_2_5_i686.manylinux1_i686.manylinux_2_17_i686.manylinux2014_i686.whl", hash = "sha256:0f3200c8c783c11198373a1e614654df88617b4ca260700e155d7be8c3144e7b"},
    {file = "cryptg-0.4.0-pp39-pypy39_pp73-win_amd64.whl", hash = "sha256:19b61547eead81a3a8aca68e30673d439fc577dedd068d86d970da923035471d"},
    {file = "cryptg-0.4.0.tar.gz", hash = "sha256:38f918c685c305569d7cee3795a932e28f61e633eeac452032a76f242ae7eb69"},
]

[[package]]
name = "pyaes"
version = "1.6.1"
description = "Pure-Python Implementation of the AES block-cipher and common modes of operation"
category = "main"
optional = false
python-versions = "*"
files = [
    {file = "pyaes-1.6.1.tar.gz", hash = "sha256:02c1b1405c38d3c370b085fb952dd8bea3fadcee6411ad99f312cc129c536d8f"},
]

[[package]]
name = "pyasn1"
version = "0.4.8"
description = "ASN.1 types and codecs"
category = "main"
optional = false
python-versions = "*"
files = [
    {file = "pyasn1-0.4.8-py2.py3-none-any.whl", hash = "sha256:39c7e2ec30515947ff4e87fb6f456dfc6e84857d34be479c9d4a4ba4bf46aa5d"},
    {file = "pyasn1-0.4.8.tar.gz", hash = "sha256:aef77c9fb94a3ac588e87841208bdec464471d9871bd5050a287cc9a475cd0ba"},
]

[[package]]
name = "rsa"
version = "4.9"
description = "Pure-Python RSA implementation"
category = "main"
optional = false
python-versions = ">=3.6,<4"
files = [
    {file = "rsa-4.9-py3-none-any.whl", hash = "sha256:90260d9058e514786967344d0ef75fa8727eed8a7d2e43ce9f4bcf1b536174f7"},
    {file = "rsa-4.9.tar.gz", hash = "sha256:e38464a49c6c85d7f1351b0126661487a7e0a14a50f1675ec50eb34d4f20ef21"},
]

[package.dependencies]
pyasn1 = ">=0.1.3"

[[package]]
name = "telethon"
version = "1.26.1"
description = "Full-featured Telegram client library for Python 3"
category = "main"
optional = false
python-versions = ">=3.5"
files = [
    {file = "Telethon-1.26.1-py3-none-any.whl", hash = "sha256:3ec7ea04e61e0179dd08b974b609814e1a5298eeda3d68368a34bba754f43aec"},
    {file = "Telethon-1.26.1.tar.gz", hash = "sha256:d894f6ef2bf2cb119f6413b9f620957503785bab0999694b4bf67dea36f8ee09"},
]

[package.dependencies]
pyaes = "*"
rsa = "*"

[package.extras]
cryptg = ["cryptg"]

[metadata]
lock-version = "2.0"
python-versions = "^3.11"
content-hash = "8e9a521ef154358a2e6f2208a46adba6b1d21934b8e48de01897b283b9f9bc96"
